// !$*UTF8*$!
{
	archiveVersion = 1;
	classes = {
	};
	objectVersion = 56;
	objects = {

/* Begin PBXBuildFile section */
		0EDB9FDE2BC043C500324856 /* FriendsFavoriteMoviesApp.swift in Sources */ = {isa = PBXBuildFile; fileRef = 0EDB9FDD2BC043C500324856 /* FriendsFavoriteMoviesApp.swift */; };
		0EDB9FE02BC043C500324856 /* ContentView.swift in Sources */ = {isa = PBXBuildFile; fileRef = 0EDB9FDF2BC043C500324856 /* ContentView.swift */; };
		0EDB9FE22BC043C500324856 /* Movie.swift in Sources */ = {isa = PBXBuildFile; fileRef = 0EDB9FE12BC043C500324856 /* Movie.swift */; };
		0EDB9FE42BC043C800324856 /* Assets.xcassets in Resources */ = {isa = PBXBuildFile; fileRef = 0EDB9FE32BC043C800324856 /* Assets.xcassets */; };
		0EDB9FE72BC043C800324856 /* Preview Assets.xcassets in Resources */ = {isa = PBXBuildFile; fileRef = 0EDB9FE62BC043C800324856 /* Preview Assets.xcassets */; };
		0EDB9FF12BC043C800324856 /* FriendsFavoriteMoviesTests.swift in Sources */ = {isa = PBXBuildFile; fileRef = 0EDB9FF02BC043C800324856 /* FriendsFavoriteMoviesTests.swift */; };
		0EDB9FFB2BC043C800324856 /* FriendsFavoriteMoviesUITests.swift in Sources */ = {isa = PBXBuildFile; fileRef = 0EDB9FFA2BC043C800324856 /* FriendsFavoriteMoviesUITests.swift */; };
		0EDB9FFD2BC043C800324856 /* FriendsFavoriteMoviesUITestsLaunchTests.swift in Sources */ = {isa = PBXBuildFile; fileRef = 0EDB9FFC2BC043C800324856 /* FriendsFavoriteMoviesUITestsLaunchTests.swift */; };
		0EDBA00A2BC0480600324856 /* SampleData.swift in Sources */ = {isa = PBXBuildFile; fileRef = 0EDBA0092BC0480600324856 /* SampleData.swift */; };
		0EDBA00C2BC1221F00324856 /* MovieDetail.swift in Sources */ = {isa = PBXBuildFile; fileRef = 0EDBA00B2BC1221F00324856 /* MovieDetail.swift */; };
/* End PBXBuildFile section */

/* Begin PBXContainerItemProxy section */
		0EDB9FED2BC043C800324856 /* PBXContainerItemProxy */ = {
			isa = PBXContainerItemProxy;
			containerPortal = 0EDB9FD22BC043C500324856 /* Project object */;
			proxyType = 1;
			remoteGlobalIDString = 0EDB9FD92BC043C500324856;
			remoteInfo = FriendsFavoriteMovies;
		};
		0EDB9FF72BC043C800324856 /* PBXContainerItemProxy */ = {
			isa = PBXContainerItemProxy;
			containerPortal = 0EDB9FD22BC043C500324856 /* Project object */;
			proxyType = 1;
			remoteGlobalIDString = 0EDB9FD92BC043C500324856;
			remoteInfo = FriendsFavoriteMovies;
		};
/* End PBXContainerItemProxy section */

/* Begin PBXFileReference section */
		0EDB9FDA2BC043C500324856 /* FriendsFavoriteMovies.app */ = {isa = PBXFileReference; explicitFileType = wrapper.application; includeInIndex = 0; path = FriendsFavoriteMovies.app; sourceTree = BUILT_PRODUCTS_DIR; };
		0EDB9FDD2BC043C500324856 /* FriendsFavoriteMoviesApp.swift */ = {isa = PBXFileReference; lastKnownFileType = sourcecode.swift; path = FriendsFavoriteMoviesApp.swift; sourceTree = "<group>"; };
		0EDB9FDF2BC043C500324856 /* ContentView.swift */ = {isa = PBXFileReference; lastKnownFileType = sourcecode.swift; path = ContentView.swift; sourceTree = "<group>"; };
		0EDB9FE12BC043C500324856 /* Movie.swift */ = {isa = PBXFileReference; lastKnownFileType = sourcecode.swift; path = Movie.swift; sourceTree = "<group>"; };
		0EDB9FE32BC043C800324856 /* Assets.xcassets */ = {isa = PBXFileReference; lastKnownFileType = folder.assetcatalog; path = Assets.xcassets; sourceTree = "<group>"; };
		0EDB9FE62BC043C800324856 /* Preview Assets.xcassets */ = {isa = PBXFileReference; lastKnownFileType = folder.assetcatalog; path = "Preview Assets.xcassets"; sourceTree = "<group>"; };
		0EDB9FEC2BC043C800324856 /* FriendsFavoriteMoviesTests.xctest */ = {isa = PBXFileReference; explicitFileType = wrapper.cfbundle; includeInIndex = 0; path = FriendsFavoriteMoviesTests.xctest; sourceTree = BUILT_PRODUCTS_DIR; };
		0EDB9FF02BC043C800324856 /* FriendsFavoriteMoviesTests.swift */ = {isa = PBXFileReference; lastKnownFileType = sourcecode.swift; path = FriendsFavoriteMoviesTests.swift; sourceTree = "<group>"; };
		0EDB9FF62BC043C800324856 /* FriendsFavoriteMoviesUITests.xctest */ = {isa = PBXFileReference; explicitFileType = wrapper.cfbundle; includeInIndex = 0; path = FriendsFavoriteMoviesUITests.xctest; sourceTree = BUILT_PRODUCTS_DIR; };
		0EDB9FFA2BC043C800324856 /* FriendsFavoriteMoviesUITests.swift */ = {isa = PBXFileReference; lastKnownFileType = sourcecode.swift; path = FriendsFavoriteMoviesUITests.swift; sourceTree = "<group>"; };
		0EDB9FFC2BC043C800324856 /* FriendsFavoriteMoviesUITestsLaunchTests.swift */ = {isa = PBXFileReference; lastKnownFileType = sourcecode.swift; path = FriendsFavoriteMoviesUITestsLaunchTests.swift; sourceTree = "<group>"; };
		0EDBA0092BC0480600324856 /* SampleData.swift */ = {isa = PBXFileReference; lastKnownFileType = sourcecode.swift; path = SampleData.swift; sourceTree = "<group>"; };
		0EDBA00B2BC1221F00324856 /* MovieDetail.swift */ = {isa = PBXFileReference; lastKnownFileType = sourcecode.swift; path = MovieDetail.swift; sourceTree = "<group>"; };
/* End PBXFileReference section */

/* Begin PBXFrameworksBuildPhase section */
		0EDB9FD72BC043C500324856 /* Frameworks */ = {
			isa = PBXFrameworksBuildPhase;
			buildActionMask = 2147483647;
			files = (
			);
			runOnlyForDeploymentPostprocessing = 0;
		};
		0EDB9FE92BC043C800324856 /* Frameworks */ = {
			isa = PBXFrameworksBuildPhase;
			buildActionMask = 2147483647;
			files = (
			);
			runOnlyForDeploymentPostprocessing = 0;
		};
		0EDB9FF32BC043C800324856 /* Frameworks */ = {
			isa = PBXFrameworksBuildPhase;
			buildActionMask = 2147483647;
			files = (
			);
			runOnlyForDeploymentPostprocessing = 0;
		};
/* End PBXFrameworksBuildPhase section */

/* Begin PBXGroup section */
		0EDB9FD12BC043C500324856 = {
			isa = PBXGroup;
			children = (
				0EDB9FDC2BC043C500324856 /* FriendsFavoriteMovies */,
				0EDB9FEF2BC043C800324856 /* FriendsFavoriteMoviesTests */,
				0EDB9FF92BC043C800324856 /* FriendsFavoriteMoviesUITests */,
				0EDB9FDB2BC043C500324856 /* Products */,
			);
			sourceTree = "<group>";
		};
		0EDB9FDB2BC043C500324856 /* Products */ = {
			isa = PBXGroup;
			children = (
				0EDB9FDA2BC043C500324856 /* FriendsFavoriteMovies.app */,
				0EDB9FEC2BC043C800324856 /* FriendsFavoriteMoviesTests.xctest */,
				0EDB9FF62BC043C800324856 /* FriendsFavoriteMoviesUITests.xctest */,
			);
			name = Products;
			sourceTree = "<group>";
		};
		0EDB9FDC2BC043C500324856 /* FriendsFavoriteMovies */ = {
			isa = PBXGroup;
			children = (
				0EDB9FDD2BC043C500324856 /* FriendsFavoriteMoviesApp.swift */,
				0EDB9FDF2BC043C500324856 /* ContentView.swift */,
				0EDBA0092BC0480600324856 /* SampleData.swift */,
				0EDBA00B2BC1221F00324856 /* MovieDetail.swift */,
				0EDB9FE12BC043C500324856 /* Movie.swift */,
				0EDB9FE32BC043C800324856 /* Assets.xcassets */,
				0EDB9FE52BC043C800324856 /* Preview Content */,
			);
			path = FriendsFavoriteMovies;
			sourceTree = "<group>";
		};
		0EDB9FE52BC043C800324856 /* Preview Content */ = {
			isa = PBXGroup;
			children = (
				0EDB9FE62BC043C800324856 /* Preview Assets.xcassets */,
			);
			path = "Preview Content";
			sourceTree = "<group>";
		};
		0EDB9FEF2BC043C800324856 /* FriendsFavoriteMoviesTests */ = {
			isa = PBXGroup;
			children = (
				0EDB9FF02BC043C800324856 /* FriendsFavoriteMoviesTests.swift */,
			);
			path = FriendsFavoriteMoviesTests;
			sourceTree = "<group>";
		};
		0EDB9FF92BC043C800324856 /* FriendsFavoriteMoviesUITests */ = {
			isa = PBXGroup;
			children = (
				0EDB9FFA2BC043C800324856 /* FriendsFavoriteMoviesUITests.swift */,
				0EDB9FFC2BC043C800324856 /* FriendsFavoriteMoviesUITestsLaunchTests.swift */,
			);
			path = FriendsFavoriteMoviesUITests;
			sourceTree = "<group>";
		};
/* End PBXGroup section */

/* Begin PBXNativeTarget section */
		0EDB9FD92BC043C500324856 /* FriendsFavoriteMovies */ = {
			isa = PBXNativeTarget;
			buildConfigurationList = 0EDBA0002BC043C800324856 /* Build configuration list for PBXNativeTarget "FriendsFavoriteMovies" */;
			buildPhases = (
				0EDB9FD62BC043C500324856 /* Sources */,
				0EDB9FD72BC043C500324856 /* Frameworks */,
				0EDB9FD82BC043C500324856 /* Resources */,
			);
			buildRules = (
			);
			dependencies = (
			);
			name = FriendsFavoriteMovies;
			productName = FriendsFavoriteMovies;
			productReference = 0EDB9FDA2BC043C500324856 /* FriendsFavoriteMovies.app */;
			productType = "com.apple.product-type.application";
		};
		0EDB9FEB2BC043C800324856 /* FriendsFavoriteMoviesTests */ = {
			isa = PBXNativeTarget;
			buildConfigurationList = 0EDBA0032BC043C800324856 /* Build configuration list for PBXNativeTarget "FriendsFavoriteMoviesTests" */;
			buildPhases = (
				0EDB9FE82BC043C800324856 /* Sources */,
				0EDB9FE92BC043C800324856 /* Frameworks */,
				0EDB9FEA2BC043C800324856 /* Resources */,
			);
			buildRules = (
			);
			dependencies = (
				0EDB9FEE2BC043C800324856 /* PBXTargetDependency */,
			);
			name = FriendsFavoriteMoviesTests;
			productName = FriendsFavoriteMoviesTests;
			productReference = 0EDB9FEC2BC043C800324856 /* FriendsFavoriteMoviesTests.xctest */;
			productType = "com.apple.product-type.bundle.unit-test";
		};
		0EDB9FF52BC043C800324856 /* FriendsFavoriteMoviesUITests */ = {
			isa = PBXNativeTarget;
			buildConfigurationList = 0EDBA0062BC043C800324856 /* Build configuration list for PBXNativeTarget "FriendsFavoriteMoviesUITests" */;
			buildPhases = (
				0EDB9FF22BC043C800324856 /* Sources */,
				0EDB9FF32BC043C800324856 /* Frameworks */,
				0EDB9FF42BC043C800324856 /* Resources */,
			);
			buildRules = (
			);
			dependencies = (
				0EDB9FF82BC043C800324856 /* PBXTargetDependency */,
			);
			name = FriendsFavoriteMoviesUITests;
			productName = FriendsFavoriteMoviesUITests;
			productReference = 0EDB9FF62BC043C800324856 /* FriendsFavoriteMoviesUITests.xctest */;
			productType = "com.apple.product-type.bundle.ui-testing";
		};
/* End PBXNativeTarget section */

/* Begin PBXProject section */
		0EDB9FD22BC043C500324856 /* Project object */ = {
			isa = PBXProject;
			attributes = {
				BuildIndependentTargetsInParallel = 1;
				LastSwiftUpdateCheck = 1500;
				LastUpgradeCheck = 1500;
				TargetAttributes = {
					0EDB9FD92BC043C500324856 = {
						CreatedOnToolsVersion = 15.0;
					};
					0EDB9FEB2BC043C800324856 = {
						CreatedOnToolsVersion = 15.0;
						TestTargetID = 0EDB9FD92BC043C500324856;
					};
					0EDB9FF52BC043C800324856 = {
						CreatedOnToolsVersion = 15.0;
						TestTargetID = 0EDB9FD92BC043C500324856;
					};
				};
			};
			buildConfigurationList = 0EDB9FD52BC043C500324856 /* Build configuration list for PBXProject "FriendsFavoriteMovies" */;
			compatibilityVersion = "Xcode 14.0";
			developmentRegion = en;
			hasScannedForEncodings = 0;
			knownRegions = (
				en,
				Base,
			);
			mainGroup = 0EDB9FD12BC043C500324856;
			productRefGroup = 0EDB9FDB2BC043C500324856 /* Products */;
			projectDirPath = "";
			projectRoot = "";
			targets = (
				0EDB9FD92BC043C500324856 /* FriendsFavoriteMovies */,
				0EDB9FEB2BC043C800324856 /* FriendsFavoriteMoviesTests */,
				0EDB9FF52BC043C800324856 /* FriendsFavoriteMoviesUITests */,
			);
		};
/* End PBXProject section */

/* Begin PBXResourcesBuildPhase section */
		0EDB9FD82BC043C500324856 /* Resources */ = {
			isa = PBXResourcesBuildPhase;
			buildActionMask = 2147483647;
			files = (
				0EDB9FE72BC043C800324856 /* Preview Assets.xcassets in Resources */,
				0EDB9FE42BC043C800324856 /* Assets.xcassets in Resources */,
			);
			runOnlyForDeploymentPostprocessing = 0;
		};
		0EDB9FEA2BC043C800324856 /* Resources */ = {
			isa = PBXResourcesBuildPhase;
			buildActionMask = 2147483647;
			files = (
			);
			runOnlyForDeploymentPostprocessing = 0;
		};
		0EDB9FF42BC043C800324856 /* Resources */ = {
			isa = PBXResourcesBuildPhase;
			buildActionMask = 2147483647;
			files = (
			);
			runOnlyForDeploymentPostprocessing = 0;
		};
/* End PBXResourcesBuildPhase section */

/* Begin PBXSourcesBuildPhase section */
		0EDB9FD62BC043C500324856 /* Sources */ = {
			isa = PBXSourcesBuildPhase;
			buildActionMask = 2147483647;
			files = (
				0EDB9FE02BC043C500324856 /* ContentView.swift in Sources */,
				0EDB9FE22BC043C500324856 /* Movie.swift in Sources */,
				0EDBA00C2BC1221F00324856 /* MovieDetail.swift in Sources */,
				0EDB9FDE2BC043C500324856 /* FriendsFavoriteMoviesApp.swift in Sources */,
				0EDBA00A2BC0480600324856 /* SampleData.swift in Sources */,
			);
			runOnlyForDeploymentPostprocessing = 0;
		};
		0EDB9FE82BC043C800324856 /* Sources */ = {
			isa = PBXSourcesBuildPhase;
			buildActionMask = 2147483647;
			files = (
				0EDB9FF12BC043C800324856 /* FriendsFavoriteMoviesTests.swift in Sources */,
			);
			runOnlyForDeploymentPostprocessing = 0;
		};
		0EDB9FF22BC043C800324856 /* Sources */ = {
			isa = PBXSourcesBuildPhase;
			buildActionMask = 2147483647;
			files = (
				0EDB9FFB2BC043C800324856 /* FriendsFavoriteMoviesUITests.swift in Sources */,
				0EDB9FFD2BC043C800324856 /* FriendsFavoriteMoviesUITestsLaunchTests.swift in Sources */,
			);
			runOnlyForDeploymentPostprocessing = 0;
		};
/* End PBXSourcesBuildPhase section */

/* Begin PBXTargetDependency section */
		0EDB9FEE2BC043C800324856 /* PBXTargetDependency */ = {
			isa = PBXTargetDependency;
			target = 0EDB9FD92BC043C500324856 /* FriendsFavoriteMovies */;
			targetProxy = 0EDB9FED2BC043C800324856 /* PBXContainerItemProxy */;
		};
		0EDB9FF82BC043C800324856 /* PBXTargetDependency */ = {
			isa = PBXTargetDependency;
			target = 0EDB9FD92BC043C500324856 /* FriendsFavoriteMovies */;
			targetProxy = 0EDB9FF72BC043C800324856 /* PBXContainerItemProxy */;
		};
/* End PBXTargetDependency section */

/* Begin XCBuildConfiguration section */
		0EDB9FFE2BC043C800324856 /* Debug */ = {
			isa = XCBuildConfiguration;
			buildSettings = {
				ALWAYS_SEARCH_USER_PATHS = NO;
				ASSETCATALOG_COMPILER_GENERATE_SWIFT_ASSET_SYMBOL_EXTENSIONS = YES;
				CLANG_ANALYZER_NONNULL = YES;
				CLANG_ANALYZER_NUMBER_OBJECT_CONVERSION = YES_AGGRESSIVE;
				CLANG_CXX_LANGUAGE_STANDARD = "gnu++20";
				CLANG_ENABLE_MODULES = YES;
				CLANG_ENABLE_OBJC_ARC = YES;
				CLANG_ENABLE_OBJC_WEAK = YES;
				CLANG_WARN_BLOCK_CAPTURE_AUTORELEASING = YES;
				CLANG_WARN_BOOL_CONVERSION = YES;
				CLANG_WARN_COMMA = YES;
				CLANG_WARN_CONSTANT_CONVERSION = YES;
				CLANG_WARN_DEPRECATED_OBJC_IMPLEMENTATIONS = YES;
				CLANG_WARN_DIRECT_OBJC_ISA_USAGE = YES_ERROR;
				CLANG_WARN_DOCUMENTATION_COMMENTS = YES;
				CLANG_WARN_EMPTY_BODY = YES;
				CLANG_WARN_ENUM_CONVERSION = YES;
				CLANG_WARN_INFINITE_RECURSION = YES;
				CLANG_WARN_INT_CONVERSION = YES;
				CLANG_WARN_NON_LITERAL_NULL_CONVERSION = YES;
				CLANG_WARN_OBJC_IMPLICIT_RETAIN_SELF = YES;
				CLANG_WARN_OBJC_LITERAL_CONVERSION = YES;
				CLANG_WARN_OBJC_ROOT_CLASS = YES_ERROR;
				CLANG_WARN_QUOTED_INCLUDE_IN_FRAMEWORK_HEADER = YES;
				CLANG_WARN_RANGE_LOOP_ANALYSIS = YES;
				CLANG_WARN_STRICT_PROTOTYPES = YES;
				CLANG_WARN_SUSPICIOUS_MOVE = YES;
				CLANG_WARN_UNGUARDED_AVAILABILITY = YES_AGGRESSIVE;
				CLANG_WARN_UNREACHABLE_CODE = YES;
				CLANG_WARN__DUPLICATE_METHOD_MATCH = YES;
				COPY_PHASE_STRIP = NO;
				DEBUG_INFORMATION_FORMAT = dwarf;
				ENABLE_STRICT_OBJC_MSGSEND = YES;
				ENABLE_TESTABILITY = YES;
				ENABLE_USER_SCRIPT_SANDBOXING = YES;
				GCC_C_LANGUAGE_STANDARD = gnu17;
				GCC_DYNAMIC_NO_PIC = NO;
				GCC_NO_COMMON_BLOCKS = YES;
				GCC_OPTIMIZATION_LEVEL = 0;
				GCC_PREPROCESSOR_DEFINITIONS = (
					"DEBUG=1",
					"$(inherited)",
				);
				GCC_WARN_64_TO_32_BIT_CONVERSION = YES;
				GCC_WARN_ABOUT_RETURN_TYPE = YES_ERROR;
				GCC_WARN_UNDECLARED_SELECTOR = YES;
				GCC_WARN_UNINITIALIZED_AUTOS = YES_AGGRESSIVE;
				GCC_WARN_UNUSED_FUNCTION = YES;
				GCC_WARN_UNUSED_VARIABLE = YES;
				IPHONEOS_DEPLOYMENT_TARGET = 17.0;
				LOCALIZATION_PREFERS_STRING_CATALOGS = YES;
				MTL_ENABLE_DEBUG_INFO = INCLUDE_SOURCE;
				MTL_FAST_MATH = YES;
				ONLY_ACTIVE_ARCH = YES;
				SDKROOT = iphoneos;
				SWIFT_ACTIVE_COMPILATION_CONDITIONS = "DEBUG $(inherited)";
				SWIFT_OPTIMIZATION_LEVEL = "-Onone";
			};
			name = Debug;
		};
		0EDB9FFF2BC043C800324856 /* Release */ = {
			isa = XCBuildConfiguration;
			buildSettings = {
				ALWAYS_SEARCH_USER_PATHS = NO;
				ASSETCATALOG_COMPILER_GENERATE_SWIFT_ASSET_SYMBOL_EXTENSIONS = YES;
				CLANG_ANALYZER_NONNULL = YES;
				CLANG_ANALYZER_NUMBER_OBJECT_CONVERSION = YES_AGGRESSIVE;
				CLANG_CXX_LANGUAGE_STANDARD = "gnu++20";
				CLANG_ENABLE_MODULES = YES;
				CLANG_ENABLE_OBJC_ARC = YES;
				CLANG_ENABLE_OBJC_WEAK = YES;
				CLANG_WARN_BLOCK_CAPTURE_AUTORELEASING = YES;
				CLANG_WARN_BOOL_CONVERSION = YES;
				CLANG_WARN_COMMA = YES;
				CLANG_WARN_CONSTANT_CONVERSION = YES;
				CLANG_WARN_DEPRECATED_OBJC_IMPLEMENTATIONS = YES;
				CLANG_WARN_DIRECT_OBJC_ISA_USAGE = YES_ERROR;
				CLANG_WARN_DOCUMENTATION_COMMENTS = YES;
				CLANG_WARN_EMPTY_BODY = YES;
				CLANG_WARN_ENUM_CONVERSION = YES;
				CLANG_WARN_INFINITE_RECURSION = YES;
				CLANG_WARN_INT_CONVERSION = YES;
				CLANG_WARN_NON_LITERAL_NULL_CONVERSION = YES;
				CLANG_WARN_OBJC_IMPLICIT_RETAIN_SELF = YES;
				CLANG_WARN_OBJC_LITERAL_CONVERSION = YES;
				CLANG_WARN_OBJC_ROOT_CLASS = YES_ERROR;
				CLANG_WARN_QUOTED_INCLUDE_IN_FRAMEWORK_HEADER = YES;
				CLANG_WARN_RANGE_LOOP_ANALYSIS = YES;
				CLANG_WARN_STRICT_PROTOTYPES = YES;
				CLANG_WARN_SUSPICIOUS_MOVE = YES;
				CLANG_WARN_UNGUARDED_AVAILABILITY = YES_AGGRESSIVE;
				CLANG_WARN_UNREACHABLE_CODE = YES;
				CLANG_WARN__DUPLICATE_METHOD_MATCH = YES;
				COPY_PHASE_STRIP = NO;
				DEBUG_INFORMATION_FORMAT = "dwarf-with-dsym";
				ENABLE_NS_ASSERTIONS = NO;
				ENABLE_STRICT_OBJC_MSGSEND = YES;
				ENABLE_USER_SCRIPT_SANDBOXING = YES;
				GCC_C_LANGUAGE_STANDARD = gnu17;
				GCC_NO_COMMON_BLOCKS = YES;
				GCC_WARN_64_TO_32_BIT_CONVERSION = YES;
				GCC_WARN_ABOUT_RETURN_TYPE = YES_ERROR;
				GCC_WARN_UNDECLARED_SELECTOR = YES;
				GCC_WARN_UNINITIALIZED_AUTOS = YES_AGGRESSIVE;
				GCC_WARN_UNUSED_FUNCTION = YES;
				GCC_WARN_UNUSED_VARIABLE = YES;
				IPHONEOS_DEPLOYMENT_TARGET = 17.0;
				LOCALIZATION_PREFERS_STRING_CATALOGS = YES;
				MTL_ENABLE_DEBUG_INFO = NO;
				MTL_FAST_MATH = YES;
				SDKROOT = iphoneos;
				SWIFT_COMPILATION_MODE = wholemodule;
				VALIDATE_PRODUCT = YES;
			};
			name = Release;
		};
		0EDBA0012BC043C800324856 /* Debug */ = {
			isa = XCBuildConfiguration;
			buildSettings = {
				ASSETCATALOG_COMPILER_APPICON_NAME = AppIcon;
				ASSETCATALOG_COMPILER_GLOBAL_ACCENT_COLOR_NAME = AccentColor;
				CODE_SIGN_STYLE = Automatic;
				CURRENT_PROJECT_VERSION = 1;
				DEVELOPMENT_ASSET_PATHS = "\"FriendsFavoriteMovies/Preview Content\"";
				DEVELOPMENT_TEAM = LT7Z66ZBAP;
				ENABLE_PREVIEWS = YES;
				GENERATE_INFOPLIST_FILE = YES;
				INFOPLIST_KEY_UIApplicationSceneManifest_Generation = YES;
				INFOPLIST_KEY_UIApplicationSupportsIndirectInputEvents = YES;
				INFOPLIST_KEY_UILaunchScreen_Generation = YES;
				INFOPLIST_KEY_UISupportedInterfaceOrientations_iPad = "UIInterfaceOrientationPortrait UIInterfaceOrientationPortraitUpsideDown UIInterfaceOrientationLandscapeLeft UIInterfaceOrientationLandscapeRight";
				INFOPLIST_KEY_UISupportedInterfaceOrientations_iPhone = "UIInterfaceOrientationPortrait UIInterfaceOrientationLandscapeLeft UIInterfaceOrientationLandscapeRight";
				LD_RUNPATH_SEARCH_PATHS = (
					"$(inherited)",
					"@executable_path/Frameworks",
				);
				MARKETING_VERSION = 1.0;
				PRODUCT_BUNDLE_IDENTIFIER = net.hejang.FriendsFavoriteMovies;
				PRODUCT_NAME = "$(TARGET_NAME)";
				SWIFT_EMIT_LOC_STRINGS = YES;
				SWIFT_VERSION = 5.0;
				TARGETED_DEVICE_FAMILY = "1,2";
			};
			name = Debug;
		};
		0EDBA0022BC043C800324856 /* Release */ = {
			isa = XCBuildConfiguration;
			buildSettings = {
				ASSETCATALOG_COMPILER_APPICON_NAME = AppIcon;
				ASSETCATALOG_COMPILER_GLOBAL_ACCENT_COLOR_NAME = AccentColor;
				CODE_SIGN_STYLE = Automatic;
				CURRENT_PROJECT_VERSION = 1;
				DEVELOPMENT_ASSET_PATHS = "\"FriendsFavoriteMovies/Preview Content\"";
				DEVELOPMENT_TEAM = LT7Z66ZBAP;
				ENABLE_PREVIEWS = YES;
				GENERATE_INFOPLIST_FILE = YES;
				INFOPLIST_KEY_UIApplicationSceneManifest_Generation = YES;
				INFOPLIST_KEY_UIApplicationSupportsIndirectInputEvents = YES;
				INFOPLIST_KEY_UILaunchScreen_Generation = YES;
				INFOPLIST_KEY_UISupportedInterfaceOrientations_iPad = "UIInterfaceOrientationPortrait UIInterfaceOrientationPortraitUpsideDown UIInterfaceOrientationLandscapeLeft UIInterfaceOrientationLandscapeRight";
				INFOPLIST_KEY_UISupportedInterfaceOrientations_iPhone = "UIInterfaceOrientationPortrait UIInterfaceOrientationLandscapeLeft UIInterfaceOrientationLandscapeRight";
				LD_RUNPATH_SEARCH_PATHS = (
					"$(inherited)",
					"@executable_path/Frameworks",
				);
				MARKETING_VERSION = 1.0;
				PRODUCT_BUNDLE_IDENTIFIER = net.hejang.FriendsFavoriteMovies;
				PRODUCT_NAME = "$(TARGET_NAME)";
				SWIFT_EMIT_LOC_STRINGS = YES;
				SWIFT_VERSION = 5.0;
				TARGETED_DEVICE_FAMILY = "1,2";
			};
			name = Release;
		};
		0EDBA0042BC043C800324856 /* Debug */ = {
			isa = XCBuildConfiguration;
			buildSettings = {
				ALWAYS_EMBED_SWIFT_STANDARD_LIBRARIES = YES;
				BUNDLE_LOADER = "$(TEST_HOST)";
				CODE_SIGN_STYLE = Automatic;
				CURRENT_PROJECT_VERSION = 1;
				DEVELOPMENT_TEAM = LT7Z66ZBAP;
				GENERATE_INFOPLIST_FILE = YES;
				IPHONEOS_DEPLOYMENT_TARGET = 17.0;
				MARKETING_VERSION = 1.0;
				PRODUCT_BUNDLE_IDENTIFIER = net.hejang.FriendsFavoriteMoviesTests;
				PRODUCT_NAME = "$(TARGET_NAME)";
				SWIFT_EMIT_LOC_STRINGS = NO;
				SWIFT_VERSION = 5.0;
				TARGETED_DEVICE_FAMILY = "1,2";
				TEST_HOST = "$(BUILT_PRODUCTS_DIR)/FriendsFavoriteMovies.app/$(BUNDLE_EXECUTABLE_FOLDER_PATH)/FriendsFavoriteMovies";
			};
			name = Debug;
		};
		0EDBA0052BC043C800324856 /* Release */ = {
			isa = XCBuildConfiguration;
			buildSettings = {
				ALWAYS_EMBED_SWIFT_STANDARD_LIBRARIES = YES;
				BUNDLE_LOADER = "$(TEST_HOST)";
				CODE_SIGN_STYLE = Automatic;
				CURRENT_PROJECT_VERSION = 1;
				DEVELOPMENT_TEAM = LT7Z66ZBAP;
				GENERATE_INFOPLIST_FILE = YES;
				IPHONEOS_DEPLOYMENT_TARGET = 17.0;
				MARKETING_VERSION = 1.0;
				PRODUCT_BUNDLE_IDENTIFIER = net.hejang.FriendsFavoriteMoviesTests;
				PRODUCT_NAME = "$(TARGET_NAME)";
				SWIFT_EMIT_LOC_STRINGS = NO;
				SWIFT_VERSION = 5.0;
				TARGETED_DEVICE_FAMILY = "1,2";
				TEST_HOST = "$(BUILT_PRODUCTS_DIR)/FriendsFavoriteMovies.app/$(BUNDLE_EXECUTABLE_FOLDER_PATH)/FriendsFavoriteMovies";
			};
			name = Release;
		};
		0EDBA0072BC043C800324856 /* Debug */ = {
			isa = XCBuildConfiguration;
			buildSettings = {
				ALWAYS_EMBED_SWIFT_STANDARD_LIBRARIES = YES;
				CODE_SIGN_STYLE = Automatic;
				CURRENT_PROJECT_VERSION = 1;
				DEVELOPMENT_TEAM = LT7Z66ZBAP;
				GENERATE_INFOPLIST_FILE = YES;
				MARKETING_VERSION = 1.0;
				PRODUCT_BUNDLE_IDENTIFIER = net.hejang.FriendsFavoriteMoviesUITests;
				PRODUCT_NAME = "$(TARGET_NAME)";
				SWIFT_EMIT_LOC_STRINGS = NO;
				SWIFT_VERSION = 5.0;
				TARGETED_DEVICE_FAMILY = "1,2";
				TEST_TARGET_NAME = FriendsFavoriteMovies;
			};
			name = Debug;
		};
		0EDBA0082BC043C800324856 /* Release */ = {
			isa = XCBuildConfiguration;
			buildSettings = {
				ALWAYS_EMBED_SWIFT_STANDARD_LIBRARIES = YES;
				CODE_SIGN_STYLE = Automatic;
				CURRENT_PROJECT_VERSION = 1;
				DEVELOPMENT_TEAM = LT7Z66ZBAP;
				GENERATE_INFOPLIST_FILE = YES;
				MARKETING_VERSION = 1.0;
				PRODUCT_BUNDLE_IDENTIFIER = net.hejang.FriendsFavoriteMoviesUITests;
				PRODUCT_NAME = "$(TARGET_NAME)";
				SWIFT_EMIT_LOC_STRINGS = NO;
				SWIFT_VERSION = 5.0;
				TARGETED_DEVICE_FAMILY = "1,2";
				TEST_TARGET_NAME = FriendsFavoriteMovies;
			};
			name = Release;
		};
/* End XCBuildConfiguration section */

/* Begin XCConfigurationList section */
		0EDB9FD52BC043C500324856 /* Build configuration list for PBXProject "FriendsFavoriteMovies" */ = {
			isa = XCConfigurationList;
			buildConfigurations = (
				0EDB9FFE2BC043C800324856 /* Debug */,
				0EDB9FFF2BC043C800324856 /* Release */,
			);
			defaultConfigurationIsVisible = 0;
			defaultConfigurationName = Release;
		};
		0EDBA0002BC043C800324856 /* Build configuration list for PBXNativeTarget "FriendsFavoriteMovies" */ = {
			isa = XCConfigurationList;
			buildConfigurations = (
				0EDBA0012BC043C800324856 /* Debug */,
				0EDBA0022BC043C800324856 /* Release */,
			);
			defaultConfigurationIsVisible = 0;
			defaultConfigurationName = Release;
		};
		0EDBA0032BC043C800324856 /* Build configuration list for PBXNativeTarget "FriendsFavoriteMoviesTests" */ = {
			isa = XCConfigurationList;
			buildConfigurations = (
				0EDBA0042BC043C800324856 /* Debug */,
				0EDBA0052BC043C800324856 /* Release */,
			);
			defaultConfigurationIsVisible = 0;
			defaultConfigurationName = Release;
		};
		0EDBA0062BC043C800324856 /* Build configuration list for PBXNativeTarget "FriendsFavoriteMoviesUITests" */ = {
			isa = XCConfigurationList;
			buildConfigurations = (
				0EDBA0072BC043C800324856 /* Debug */,
				0EDBA0082BC043C800324856 /* Release */,
			);
			defaultConfigurationIsVisible = 0;
			defaultConfigurationName = Release;
		};
/* End XCConfigurationList section */
	};
	rootObject = 0EDB9FD22BC043C500324856 /* Project object */;
}
